// !$*UTF8*$!
{
	archiveVersion = 1;
	classes = {
	};
	objectVersion = 50;
	objects = {

/* Begin PBXBuildFile section */
		F1324175239975490080D81B /* KudaGoApi.swift in Sources */ = {isa = PBXBuildFile; fileRef = F1324174239975490080D81B /* KudaGoApi.swift */; };
		F1324177239975560080D81B /* FirebaseAuth.swift in Sources */ = {isa = PBXBuildFile; fileRef = F1324176239975560080D81B /* FirebaseAuth.swift */; };
		F1324179239975680080D81B /* FirebaseDataBase.swift in Sources */ = {isa = PBXBuildFile; fileRef = F1324178239975680080D81B /* FirebaseDataBase.swift */; };
		F13B63D62395891E002B7EE8 /* EndPointType.swift in Sources */ = {isa = PBXBuildFile; fileRef = F13B63D52395891E002B7EE8 /* EndPointType.swift */; };
		F13B63D823958A83002B7EE8 /* HTTPMethod.swift in Sources */ = {isa = PBXBuildFile; fileRef = F13B63D723958A82002B7EE8 /* HTTPMethod.swift */; };
		F13B63DA23958B01002B7EE8 /* HTTPTask.swift in Sources */ = {isa = PBXBuildFile; fileRef = F13B63D923958B01002B7EE8 /* HTTPTask.swift */; };
		F13B63DC23958D88002B7EE8 /* ParameterEncoding.swift in Sources */ = {isa = PBXBuildFile; fileRef = F13B63DB23958D88002B7EE8 /* ParameterEncoding.swift */; };
		F13B63DE23958E43002B7EE8 /* URLParameterEncoder.swift in Sources */ = {isa = PBXBuildFile; fileRef = F13B63DD23958E43002B7EE8 /* URLParameterEncoder.swift */; };
		F13B63E02395905F002B7EE8 /* JSONParameterEncoder.swift in Sources */ = {isa = PBXBuildFile; fileRef = F13B63DF2395905F002B7EE8 /* JSONParameterEncoder.swift */; };
		F13B63E22395915E002B7EE8 /* NetworkRouter.swift in Sources */ = {isa = PBXBuildFile; fileRef = F13B63E12395915E002B7EE8 /* NetworkRouter.swift */; };
		F13B63E42395AE21002B7EE8 /* EventEndPoint.swift in Sources */ = {isa = PBXBuildFile; fileRef = F13B63E32395AE21002B7EE8 /* EventEndPoint.swift */; };
		F13B63E62395AE85002B7EE8 /* NetworkManager.swift in Sources */ = {isa = PBXBuildFile; fileRef = F13B63E52395AE85002B7EE8 /* NetworkManager.swift */; };
		F13B63E82395B281002B7EE8 /* APIError.swift in Sources */ = {isa = PBXBuildFile; fileRef = F13B63E72395B281002B7EE8 /* APIError.swift */; };
		F13B63EA2396B721002B7EE8 /* BottomLineTF.swift in Sources */ = {isa = PBXBuildFile; fileRef = F13B63E92396B721002B7EE8 /* BottomLineTF.swift */; };
		F1C3CFC62397066E00012D62 /* SkeletonView.swift in Sources */ = {isa = PBXBuildFile; fileRef = F1C3CFC52397066E00012D62 /* SkeletonView.swift */; };
		F1C3CFCA2397C89100012D62 /* CustomTextField.swift in Sources */ = {isa = PBXBuildFile; fileRef = F1C3CFC92397C89100012D62 /* CustomTextField.swift */; };
		F1C3CFCC239814C100012D62 /* UserModel.swift in Sources */ = {isa = PBXBuildFile; fileRef = F1C3CFCB239814C000012D62 /* UserModel.swift */; };
		F1E1CF5A23880CBC00A18845 /* AppDelegate.swift in Sources */ = {isa = PBXBuildFile; fileRef = F1E1CF5923880CBC00A18845 /* AppDelegate.swift */; };
		F1E1CF5C23880CBC00A18845 /* ViewController.swift in Sources */ = {isa = PBXBuildFile; fileRef = F1E1CF5B23880CBC00A18845 /* ViewController.swift */; };
		F1E1CF6223880CBC00A18845 /* EventApp_1.xcdatamodeld in Sources */ = {isa = PBXBuildFile; fileRef = F1E1CF6023880CBC00A18845 /* EventApp_1.xcdatamodeld */; };
		F1E1CF6423880CBD00A18845 /* Assets.xcassets in Resources */ = {isa = PBXBuildFile; fileRef = F1E1CF6323880CBD00A18845 /* Assets.xcassets */; };
		F1E1CF6723880CBD00A18845 /* LaunchScreen.storyboard in Resources */ = {isa = PBXBuildFile; fileRef = F1E1CF6523880CBD00A18845 /* LaunchScreen.storyboard */; };
		F1E1CF6F23880CEE00A18845 /* WelcomeVC.swift in Sources */ = {isa = PBXBuildFile; fileRef = F1E1CF6E23880CEE00A18845 /* WelcomeVC.swift */; };
		F1E1CF7123880CF800A18845 /* WelcomeCell.swift in Sources */ = {isa = PBXBuildFile; fileRef = F1E1CF7023880CF800A18845 /* WelcomeCell.swift */; };
		F1ECBDEA238823F800BB89A9 /* Page.swift in Sources */ = {isa = PBXBuildFile; fileRef = F1ECBDE9238823F800BB89A9 /* Page.swift */; };
		F1ECBDEC2388837C00BB89A9 /* UIColor.swift in Sources */ = {isa = PBXBuildFile; fileRef = F1ECBDEB2388837C00BB89A9 /* UIColor.swift */; };
		F1ECBDEE2388857D00BB89A9 /* RootViewController.swift in Sources */ = {isa = PBXBuildFile; fileRef = F1ECBDED2388857D00BB89A9 /* RootViewController.swift */; };
		F1ECBDF12388901F00BB89A9 /* LoginVC.swift in Sources */ = {isa = PBXBuildFile; fileRef = F1ECBDF02388901F00BB89A9 /* LoginVC.swift */; };
		F1ECBDF3238890C700BB89A9 /* UserDefaults.swift in Sources */ = {isa = PBXBuildFile; fileRef = F1ECBDF2238890C700BB89A9 /* UserDefaults.swift */; };
		F1EFDAAF2389823400C95690 /* MainVC.swift in Sources */ = {isa = PBXBuildFile; fileRef = F1EFDAAE2389823400C95690 /* MainVC.swift */; };
		F1EFDAB123898C6B00C95690 /* MainTabBarController.swift in Sources */ = {isa = PBXBuildFile; fileRef = F1EFDAB023898C6B00C95690 /* MainTabBarController.swift */; };
		F1EFDAB323898D4B00C95690 /* AllEventsVC.swift in Sources */ = {isa = PBXBuildFile; fileRef = F1EFDAB223898D4B00C95690 /* AllEventsVC.swift */; };
		F1EFDAB523898DC800C95690 /* FavoriteEventsVC.swift in Sources */ = {isa = PBXBuildFile; fileRef = F1EFDAB423898DC800C95690 /* FavoriteEventsVC.swift */; };
		F1EFDAB723898DD500C95690 /* ProfileVC.swift in Sources */ = {isa = PBXBuildFile; fileRef = F1EFDAB623898DD500C95690 /* ProfileVC.swift */; };
		F1EFDAB923898E0E00C95690 /* SearchVC.swift in Sources */ = {isa = PBXBuildFile; fileRef = F1EFDAB823898E0E00C95690 /* SearchVC.swift */; };
		F1EFDABD2389F64700C95690 /* NetworkService.swift in Sources */ = {isa = PBXBuildFile; fileRef = F1EFDABC2389F64700C95690 /* NetworkService.swift */; };
		F1EFDABF238A7B4D00C95690 /* AllEventsCell.swift in Sources */ = {isa = PBXBuildFile; fileRef = F1EFDABE238A7B4D00C95690 /* AllEventsCell.swift */; };
		F1EFDAC1238ACC0200C95690 /* CustomLabel.swift in Sources */ = {isa = PBXBuildFile; fileRef = F1EFDAC0238ACC0200C95690 /* CustomLabel.swift */; };
		F1EFDAC6238B29D400C95690 /* EventsModel1.swift in Sources */ = {isa = PBXBuildFile; fileRef = F1EFDAC5238B29D400C95690 /* EventsModel1.swift */; };
		F1EFDACA238BF31400C95690 /* EventsList.swift in Sources */ = {isa = PBXBuildFile; fileRef = F1EFDAC9238BF31400C95690 /* EventsList.swift */; };
		F1EFDACC238BF33A00C95690 /* EventsListDTO.swift in Sources */ = {isa = PBXBuildFile; fileRef = F1EFDACB238BF33A00C95690 /* EventsListDTO.swift */; };
		F1EFDACE238BF39B00C95690 /* ResultDTO.swift in Sources */ = {isa = PBXBuildFile; fileRef = F1EFDACD238BF39B00C95690 /* ResultDTO.swift */; };
		F1EFDAD1238BF46800C95690 /* DateDTO.swift in Sources */ = {isa = PBXBuildFile; fileRef = F1EFDAD0238BF46800C95690 /* DateDTO.swift */; };
		F1EFDAD3238BF48F00C95690 /* ImagesDTO.swift in Sources */ = {isa = PBXBuildFile; fileRef = F1EFDAD2238BF48F00C95690 /* ImagesDTO.swift */; };
		F1EFDAD5238BF49D00C95690 /* PlaceDTO.swift in Sources */ = {isa = PBXBuildFile; fileRef = F1EFDAD4238BF49D00C95690 /* PlaceDTO.swift */; };
		F1EFDAD7238BF7BB00C95690 /* PlaceModel.swift in Sources */ = {isa = PBXBuildFile; fileRef = F1EFDAD6238BF7BB00C95690 /* PlaceModel.swift */; };
		F1EFDAD9238BF9D900C95690 /* ImageModel.swift in Sources */ = {isa = PBXBuildFile; fileRef = F1EFDAD8238BF9D900C95690 /* ImageModel.swift */; };
		F1EFDADB238BFA7C00C95690 /* DateModel.swift in Sources */ = {isa = PBXBuildFile; fileRef = F1EFDADA238BFA7C00C95690 /* DateModel.swift */; };
		F1EFDADD238BFB2600C95690 /* ResultModel.swift in Sources */ = {isa = PBXBuildFile; fileRef = F1EFDADC238BFB2600C95690 /* ResultModel.swift */; };
		F1F2A98A238D17FF0006D948 /* EventsModel.swift in Sources */ = {isa = PBXBuildFile; fileRef = F1F2A989238D17FE0006D948 /* EventsModel.swift */; };
		F1F2A98D238D23270006D948 /* LoadImage.swift in Sources */ = {isa = PBXBuildFile; fileRef = F1F2A98C238D23270006D948 /* LoadImage.swift */; };
		F1F2A98F238EB1600006D948 /* ImageService.swift in Sources */ = {isa = PBXBuildFile; fileRef = F1F2A98E238EB1600006D948 /* ImageService.swift */; };
		F1F2A995238EDB7F0006D948 /* DetailEventVC.swift in Sources */ = {isa = PBXBuildFile; fileRef = F1F2A994238EDB7F0006D948 /* DetailEventVC.swift */; };
		F1F2A997238EEF050006D948 /* ImageAlpha.swift in Sources */ = {isa = PBXBuildFile; fileRef = F1F2A996238EEF050006D948 /* ImageAlpha.swift */; };
/* End PBXBuildFile section */

/* Begin PBXFileReference section */
		F1324174239975490080D81B /* KudaGoApi.swift */ = {isa = PBXFileReference; lastKnownFileType = sourcecode.swift; path = KudaGoApi.swift; sourceTree = "<group>"; };
		F1324176239975560080D81B /* FirebaseAuth.swift */ = {isa = PBXFileReference; lastKnownFileType = sourcecode.swift; path = FirebaseAuth.swift; sourceTree = "<group>"; };
		F1324178239975680080D81B /* FirebaseDataBase.swift */ = {isa = PBXFileReference; lastKnownFileType = sourcecode.swift; path = FirebaseDataBase.swift; sourceTree = "<group>"; };
		F13B63D52395891E002B7EE8 /* EndPointType.swift */ = {isa = PBXFileReference; lastKnownFileType = sourcecode.swift; path = EndPointType.swift; sourceTree = "<group>"; };
		F13B63D723958A82002B7EE8 /* HTTPMethod.swift */ = {isa = PBXFileReference; lastKnownFileType = sourcecode.swift; path = HTTPMethod.swift; sourceTree = "<group>"; };
		F13B63D923958B01002B7EE8 /* HTTPTask.swift */ = {isa = PBXFileReference; lastKnownFileType = sourcecode.swift; path = HTTPTask.swift; sourceTree = "<group>"; };
		F13B63DB23958D88002B7EE8 /* ParameterEncoding.swift */ = {isa = PBXFileReference; lastKnownFileType = sourcecode.swift; path = ParameterEncoding.swift; sourceTree = "<group>"; };
		F13B63DD23958E43002B7EE8 /* URLParameterEncoder.swift */ = {isa = PBXFileReference; lastKnownFileType = sourcecode.swift; path = URLParameterEncoder.swift; sourceTree = "<group>"; };
		F13B63DF2395905F002B7EE8 /* JSONParameterEncoder.swift */ = {isa = PBXFileReference; lastKnownFileType = sourcecode.swift; path = JSONParameterEncoder.swift; sourceTree = "<group>"; };
		F13B63E12395915E002B7EE8 /* NetworkRouter.swift */ = {isa = PBXFileReference; lastKnownFileType = sourcecode.swift; path = NetworkRouter.swift; sourceTree = "<group>"; };
		F13B63E32395AE21002B7EE8 /* EventEndPoint.swift */ = {isa = PBXFileReference; lastKnownFileType = sourcecode.swift; path = EventEndPoint.swift; sourceTree = "<group>"; };
		F13B63E52395AE85002B7EE8 /* NetworkManager.swift */ = {isa = PBXFileReference; lastKnownFileType = sourcecode.swift; path = NetworkManager.swift; sourceTree = "<group>"; };
		F13B63E72395B281002B7EE8 /* APIError.swift */ = {isa = PBXFileReference; lastKnownFileType = sourcecode.swift; path = APIError.swift; sourceTree = "<group>"; };
		F13B63E92396B721002B7EE8 /* BottomLineTF.swift */ = {isa = PBXFileReference; lastKnownFileType = sourcecode.swift; path = BottomLineTF.swift; sourceTree = "<group>"; };
		F1C3CFC52397066E00012D62 /* SkeletonView.swift */ = {isa = PBXFileReference; lastKnownFileType = sourcecode.swift; path = SkeletonView.swift; sourceTree = "<group>"; };
		F1C3CFC92397C89100012D62 /* CustomTextField.swift */ = {isa = PBXFileReference; lastKnownFileType = sourcecode.swift; path = CustomTextField.swift; sourceTree = "<group>"; };
		F1C3CFCB239814C000012D62 /* UserModel.swift */ = {isa = PBXFileReference; lastKnownFileType = sourcecode.swift; path = UserModel.swift; sourceTree = "<group>"; };
		F1E1CF5623880CBC00A18845 /* EventApp 1.app */ = {isa = PBXFileReference; explicitFileType = wrapper.application; includeInIndex = 0; path = "EventApp 1.app"; sourceTree = BUILT_PRODUCTS_DIR; };
		F1E1CF5923880CBC00A18845 /* AppDelegate.swift */ = {isa = PBXFileReference; lastKnownFileType = sourcecode.swift; path = AppDelegate.swift; sourceTree = "<group>"; };
		F1E1CF5B23880CBC00A18845 /* ViewController.swift */ = {isa = PBXFileReference; lastKnownFileType = sourcecode.swift; path = ViewController.swift; sourceTree = "<group>"; };
		F1E1CF6123880CBC00A18845 /* EventApp_1.xcdatamodel */ = {isa = PBXFileReference; lastKnownFileType = wrapper.xcdatamodel; path = EventApp_1.xcdatamodel; sourceTree = "<group>"; };
		F1E1CF6323880CBD00A18845 /* Assets.xcassets */ = {isa = PBXFileReference; lastKnownFileType = folder.assetcatalog; path = Assets.xcassets; sourceTree = "<group>"; };
		F1E1CF6623880CBD00A18845 /* Base */ = {isa = PBXFileReference; lastKnownFileType = file.storyboard; name = Base; path = Base.lproj/LaunchScreen.storyboard; sourceTree = "<group>"; };
		F1E1CF6823880CBD00A18845 /* Info.plist */ = {isa = PBXFileReference; lastKnownFileType = text.plist.xml; path = Info.plist; sourceTree = "<group>"; };
		F1E1CF6E23880CEE00A18845 /* WelcomeVC.swift */ = {isa = PBXFileReference; lastKnownFileType = sourcecode.swift; path = WelcomeVC.swift; sourceTree = "<group>"; };
		F1E1CF7023880CF800A18845 /* WelcomeCell.swift */ = {isa = PBXFileReference; lastKnownFileType = sourcecode.swift; path = WelcomeCell.swift; sourceTree = "<group>"; };
		F1ECBDE9238823F800BB89A9 /* Page.swift */ = {isa = PBXFileReference; lastKnownFileType = sourcecode.swift; path = Page.swift; sourceTree = "<group>"; };
		F1ECBDEB2388837C00BB89A9 /* UIColor.swift */ = {isa = PBXFileReference; lastKnownFileType = sourcecode.swift; path = UIColor.swift; sourceTree = "<group>"; };
		F1ECBDED2388857D00BB89A9 /* RootViewController.swift */ = {isa = PBXFileReference; lastKnownFileType = sourcecode.swift; path = RootViewController.swift; sourceTree = "<group>"; };
		F1ECBDF02388901F00BB89A9 /* LoginVC.swift */ = {isa = PBXFileReference; lastKnownFileType = sourcecode.swift; path = LoginVC.swift; sourceTree = "<group>"; };
		F1ECBDF2238890C700BB89A9 /* UserDefaults.swift */ = {isa = PBXFileReference; lastKnownFileType = sourcecode.swift; path = UserDefaults.swift; sourceTree = "<group>"; };
		F1EFDAAE2389823400C95690 /* MainVC.swift */ = {isa = PBXFileReference; lastKnownFileType = sourcecode.swift; path = MainVC.swift; sourceTree = "<group>"; };
		F1EFDAB023898C6B00C95690 /* MainTabBarController.swift */ = {isa = PBXFileReference; lastKnownFileType = sourcecode.swift; path = MainTabBarController.swift; sourceTree = "<group>"; };
		F1EFDAB223898D4B00C95690 /* AllEventsVC.swift */ = {isa = PBXFileReference; lastKnownFileType = sourcecode.swift; path = AllEventsVC.swift; sourceTree = "<group>"; };
		F1EFDAB423898DC800C95690 /* FavoriteEventsVC.swift */ = {isa = PBXFileReference; lastKnownFileType = sourcecode.swift; path = FavoriteEventsVC.swift; sourceTree = "<group>"; };
		F1EFDAB623898DD500C95690 /* ProfileVC.swift */ = {isa = PBXFileReference; lastKnownFileType = sourcecode.swift; path = ProfileVC.swift; sourceTree = "<group>"; };
		F1EFDAB823898E0E00C95690 /* SearchVC.swift */ = {isa = PBXFileReference; lastKnownFileType = sourcecode.swift; path = SearchVC.swift; sourceTree = "<group>"; };
		F1EFDABC2389F64700C95690 /* NetworkService.swift */ = {isa = PBXFileReference; lastKnownFileType = sourcecode.swift; path = NetworkService.swift; sourceTree = "<group>"; };
		F1EFDABE238A7B4D00C95690 /* AllEventsCell.swift */ = {isa = PBXFileReference; lastKnownFileType = sourcecode.swift; path = AllEventsCell.swift; sourceTree = "<group>"; };
		F1EFDAC0238ACC0200C95690 /* CustomLabel.swift */ = {isa = PBXFileReference; lastKnownFileType = sourcecode.swift; path = CustomLabel.swift; sourceTree = "<group>"; };
		F1EFDAC5238B29D400C95690 /* EventsModel1.swift */ = {isa = PBXFileReference; lastKnownFileType = sourcecode.swift; path = EventsModel1.swift; sourceTree = "<group>"; };
		F1EFDAC9238BF31400C95690 /* EventsList.swift */ = {isa = PBXFileReference; lastKnownFileType = sourcecode.swift; path = EventsList.swift; sourceTree = "<group>"; };
		F1EFDACB238BF33A00C95690 /* EventsListDTO.swift */ = {isa = PBXFileReference; lastKnownFileType = sourcecode.swift; path = EventsListDTO.swift; sourceTree = "<group>"; };
		F1EFDACD238BF39B00C95690 /* ResultDTO.swift */ = {isa = PBXFileReference; lastKnownFileType = sourcecode.swift; path = ResultDTO.swift; sourceTree = "<group>"; };
		F1EFDAD0238BF46800C95690 /* DateDTO.swift */ = {isa = PBXFileReference; lastKnownFileType = sourcecode.swift; path = DateDTO.swift; sourceTree = "<group>"; };
		F1EFDAD2238BF48F00C95690 /* ImagesDTO.swift */ = {isa = PBXFileReference; lastKnownFileType = sourcecode.swift; path = ImagesDTO.swift; sourceTree = "<group>"; };
		F1EFDAD4238BF49D00C95690 /* PlaceDTO.swift */ = {isa = PBXFileReference; lastKnownFileType = sourcecode.swift; path = PlaceDTO.swift; sourceTree = "<group>"; };
		F1EFDAD6238BF7BB00C95690 /* PlaceModel.swift */ = {isa = PBXFileReference; lastKnownFileType = sourcecode.swift; path = PlaceModel.swift; sourceTree = "<group>"; };
		F1EFDAD8238BF9D900C95690 /* ImageModel.swift */ = {isa = PBXFileReference; lastKnownFileType = sourcecode.swift; path = ImageModel.swift; sourceTree = "<group>"; };
		F1EFDADA238BFA7C00C95690 /* DateModel.swift */ = {isa = PBXFileReference; lastKnownFileType = sourcecode.swift; path = DateModel.swift; sourceTree = "<group>"; };
		F1EFDADC238BFB2600C95690 /* ResultModel.swift */ = {isa = PBXFileReference; lastKnownFileType = sourcecode.swift; path = ResultModel.swift; sourceTree = "<group>"; };
		F1F2A989238D17FE0006D948 /* EventsModel.swift */ = {isa = PBXFileReference; lastKnownFileType = sourcecode.swift; path = EventsModel.swift; sourceTree = "<group>"; };
		F1F2A98C238D23270006D948 /* LoadImage.swift */ = {isa = PBXFileReference; lastKnownFileType = sourcecode.swift; path = LoadImage.swift; sourceTree = "<group>"; };
		F1F2A98E238EB1600006D948 /* ImageService.swift */ = {isa = PBXFileReference; lastKnownFileType = sourcecode.swift; path = ImageService.swift; sourceTree = "<group>"; };
		F1F2A994238EDB7F0006D948 /* DetailEventVC.swift */ = {isa = PBXFileReference; lastKnownFileType = sourcecode.swift; path = DetailEventVC.swift; sourceTree = "<group>"; };
		F1F2A996238EEF050006D948 /* ImageAlpha.swift */ = {isa = PBXFileReference; lastKnownFileType = sourcecode.swift; path = ImageAlpha.swift; sourceTree = "<group>"; };
/* End PBXFileReference section */

/* Begin PBXFrameworksBuildPhase section */
		F1E1CF5323880CBC00A18845 /* Frameworks */ = {
			isa = PBXFrameworksBuildPhase;
			buildActionMask = 2147483647;
			files = (
			);
			runOnlyForDeploymentPostprocessing = 0;
		};
/* End PBXFrameworksBuildPhase section */

/* Begin PBXGroup section */
		F13B63CF23958381002B7EE8 /* Networking */ = {
			isa = PBXGroup;
			children = (
				F13B63D02395839A002B7EE8 /* EndPoint */,
				F13B63D2239583AE002B7EE8 /* Manager */,
				F13B63D3239583B9002B7EE8 /* Service */,
				F13B63D4239583CE002B7EE8 /* Encoding */,
			);
			path = Networking;
			sourceTree = "<group>";
		};
		F13B63D02395839A002B7EE8 /* EndPoint */ = {
			isa = PBXGroup;
			children = (
				F13B63E32395AE21002B7EE8 /* EventEndPoint.swift */,
				F1324174239975490080D81B /* KudaGoApi.swift */,
				F1324176239975560080D81B /* FirebaseAuth.swift */,
				F1324178239975680080D81B /* FirebaseDataBase.swift */,
			);
			path = EndPoint;
			sourceTree = "<group>";
		};
		F13B63D2239583AE002B7EE8 /* Manager */ = {
			isa = PBXGroup;
			children = (
				F13B63E52395AE85002B7EE8 /* NetworkManager.swift */,
			);
			path = Manager;
			sourceTree = "<group>";
		};
		F13B63D3239583B9002B7EE8 /* Service */ = {
			isa = PBXGroup;
			children = (
				F13B63D52395891E002B7EE8 /* EndPointType.swift */,
				F13B63D723958A82002B7EE8 /* HTTPMethod.swift */,
				F13B63D923958B01002B7EE8 /* HTTPTask.swift */,
				F13B63E12395915E002B7EE8 /* NetworkRouter.swift */,
				F13B63E72395B281002B7EE8 /* APIError.swift */,
			);
			path = Service;
			sourceTree = "<group>";
		};
		F13B63D4239583CE002B7EE8 /* Encoding */ = {
			isa = PBXGroup;
			children = (
				F13B63DB23958D88002B7EE8 /* ParameterEncoding.swift */,
				F13B63DD23958E43002B7EE8 /* URLParameterEncoder.swift */,
				F13B63DF2395905F002B7EE8 /* JSONParameterEncoder.swift */,
			);
			path = Encoding;
			sourceTree = "<group>";
		};
		F1C3CFC42397065800012D62 /* Components */ = {
			isa = PBXGroup;
			children = (
				F1C3CFC52397066E00012D62 /* SkeletonView.swift */,
				F13B63E92396B721002B7EE8 /* BottomLineTF.swift */,
			);
			path = Components;
			sourceTree = "<group>";
		};
		F1E1CF4D23880CBC00A18845 = {
			isa = PBXGroup;
			children = (
				F1E1CF5823880CBC00A18845 /* EventApp 1 */,
				F1E1CF5723880CBC00A18845 /* Products */,
			);
			sourceTree = "<group>";
		};
		F1E1CF5723880CBC00A18845 /* Products */ = {
			isa = PBXGroup;
			children = (
				F1E1CF5623880CBC00A18845 /* EventApp 1.app */,
			);
			name = Products;
			sourceTree = "<group>";
		};
		F1E1CF5823880CBC00A18845 /* EventApp 1 */ = {
			isa = PBXGroup;
			children = (
				F1EFDABB2389F2B000C95690 /* RootVC */,
				F1E1CF5923880CBC00A18845 /* AppDelegate.swift */,
				F1ECBDF2238890C700BB89A9 /* UserDefaults.swift */,
				F1E1CF5B23880CBC00A18845 /* ViewController.swift */,
				F1ECBDEF2388858800BB89A9 /* WelcomeVC */,
				F1ECBDF02388901F00BB89A9 /* LoginVC.swift */,
				F1EFDABA2389F2A000C95690 /* TabBar */,
				F1EFDAAE2389823400C95690 /* MainVC.swift */,
				F1EFDAC7238BF2BE00C95690 /* Model with DTo */,
				F1F2A990238ED7970006D948 /* Service */,
				F1F2A98B238D181B0006D948 /* Model */,
				F1C3CFC42397065800012D62 /* Components */,
				F1EFDAC4238B25DB00C95690 /* Extension */,
				F1E1CF6323880CBD00A18845 /* Assets.xcassets */,
				F1E1CF6523880CBD00A18845 /* LaunchScreen.storyboard */,
				F1E1CF6823880CBD00A18845 /* Info.plist */,
				F1E1CF6023880CBC00A18845 /* EventApp_1.xcdatamodeld */,
			);
			path = "EventApp 1";
			sourceTree = "<group>";
		};
		F1ECBDEF2388858800BB89A9 /* WelcomeVC */ = {
			isa = PBXGroup;
			children = (
				F1E1CF6E23880CEE00A18845 /* WelcomeVC.swift */,
				F1E1CF7023880CF800A18845 /* WelcomeCell.swift */,
				F1ECBDE9238823F800BB89A9 /* Page.swift */,
			);
			path = WelcomeVC;
			sourceTree = "<group>";
		};
		F1EFDABA2389F2A000C95690 /* TabBar */ = {
			isa = PBXGroup;
			children = (
				F1EFDAB023898C6B00C95690 /* MainTabBarController.swift */,
				F1F2A993238EDB460006D948 /* Events */,
				F1EFDAB423898DC800C95690 /* FavoriteEventsVC.swift */,
				F1EFDAB623898DD500C95690 /* ProfileVC.swift */,
				F1EFDAB823898E0E00C95690 /* SearchVC.swift */,
			);
			path = TabBar;
			sourceTree = "<group>";
		};
		F1EFDABB2389F2B000C95690 /* RootVC */ = {
			isa = PBXGroup;
			children = (
				F1ECBDED2388857D00BB89A9 /* RootViewController.swift */,
			);
			path = RootVC;
			sourceTree = "<group>";
		};
		F1EFDAC4238B25DB00C95690 /* Extension */ = {
			isa = PBXGroup;
			children = (
				F1ECBDEB2388837C00BB89A9 /* UIColor.swift */,
				F1EFDAC0238ACC0200C95690 /* CustomLabel.swift */,
				F1F2A98C238D23270006D948 /* LoadImage.swift */,
				F1F2A996238EEF050006D948 /* ImageAlpha.swift */,
				F1C3CFC92397C89100012D62 /* CustomTextField.swift */,
			);
			path = Extension;
			sourceTree = "<group>";
		};
		F1EFDAC7238BF2BE00C95690 /* Model with DTo */ = {
			isa = PBXGroup;
			children = (
				F1EFDAC8238BF2CE00C95690 /* Events */,
			);
			path = "Model with DTo";
			sourceTree = "<group>";
		};
		F1EFDAC8238BF2CE00C95690 /* Events */ = {
			isa = PBXGroup;
			children = (
				F1EFDACF238BF3E700C95690 /* DTO */,
				F1EFDAC9238BF31400C95690 /* EventsList.swift */,
				F1EFDADC238BFB2600C95690 /* ResultModel.swift */,
				F1EFDADA238BFA7C00C95690 /* DateModel.swift */,
				F1EFDAD8238BF9D900C95690 /* ImageModel.swift */,
				F1EFDAD6238BF7BB00C95690 /* PlaceModel.swift */,
				F1EFDAC5238B29D400C95690 /* EventsModel1.swift */,
			);
			path = Events;
			sourceTree = "<group>";
		};
		F1EFDACF238BF3E700C95690 /* DTO */ = {
			isa = PBXGroup;
			children = (
				F1EFDACB238BF33A00C95690 /* EventsListDTO.swift */,
				F1EFDACD238BF39B00C95690 /* ResultDTO.swift */,
				F1EFDAD0238BF46800C95690 /* DateDTO.swift */,
				F1EFDAD2238BF48F00C95690 /* ImagesDTO.swift */,
				F1EFDAD4238BF49D00C95690 /* PlaceDTO.swift */,
			);
			path = DTO;
			sourceTree = "<group>";
		};
		F1F2A98B238D181B0006D948 /* Model */ = {
			isa = PBXGroup;
			children = (
				F1F2A989238D17FE0006D948 /* EventsModel.swift */,
				F1C3CFCB239814C000012D62 /* UserModel.swift */,
			);
			path = Model;
			sourceTree = "<group>";
		};
		F1F2A990238ED7970006D948 /* Service */ = {
			isa = PBXGroup;
			children = (
				F13B63CF23958381002B7EE8 /* Networking */,
				F1EFDABC2389F64700C95690 /* NetworkService.swift */,
				F1F2A98E238EB1600006D948 /* ImageService.swift */,
			);
			path = Service;
			sourceTree = "<group>";
		};
		F1F2A993238EDB460006D948 /* Events */ = {
			isa = PBXGroup;
			children = (
				F1EFDAB223898D4B00C95690 /* AllEventsVC.swift */,
				F1EFDABE238A7B4D00C95690 /* AllEventsCell.swift */,
				F1F2A994238EDB7F0006D948 /* DetailEventVC.swift */,
			);
			path = Events;
			sourceTree = "<group>";
		};
/* End PBXGroup section */

/* Begin PBXNativeTarget section */
		F1E1CF5523880CBC00A18845 /* EventApp 1 */ = {
			isa = PBXNativeTarget;
			buildConfigurationList = F1E1CF6B23880CBD00A18845 /* Build configuration list for PBXNativeTarget "EventApp 1" */;
			buildPhases = (
				F1E1CF5223880CBC00A18845 /* Sources */,
				F1E1CF5323880CBC00A18845 /* Frameworks */,
				F1E1CF5423880CBC00A18845 /* Resources */,
			);
			buildRules = (
			);
			dependencies = (
			);
			name = "EventApp 1";
			productName = "EventApp 1";
			productReference = F1E1CF5623880CBC00A18845 /* EventApp 1.app */;
			productType = "com.apple.product-type.application";
		};
/* End PBXNativeTarget section */

/* Begin PBXProject section */
		F1E1CF4E23880CBC00A18845 /* Project object */ = {
			isa = PBXProject;
			attributes = {
				LastSwiftUpdateCheck = 1030;
				LastUpgradeCheck = 1030;
				ORGANIZATIONNAME = "Vova SKR";
				TargetAttributes = {
					F1E1CF5523880CBC00A18845 = {
						CreatedOnToolsVersion = 10.3;
					};
				};
			};
			buildConfigurationList = F1E1CF5123880CBC00A18845 /* Build configuration list for PBXProject "EventApp 1" */;
			compatibilityVersion = "Xcode 9.3";
			developmentRegion = en;
			hasScannedForEncodings = 0;
			knownRegions = (
				en,
				Base,
			);
			mainGroup = F1E1CF4D23880CBC00A18845;
			productRefGroup = F1E1CF5723880CBC00A18845 /* Products */;
			projectDirPath = "";
			projectRoot = "";
			targets = (
				F1E1CF5523880CBC00A18845 /* EventApp 1 */,
			);
		};
/* End PBXProject section */

/* Begin PBXResourcesBuildPhase section */
		F1E1CF5423880CBC00A18845 /* Resources */ = {
			isa = PBXResourcesBuildPhase;
			buildActionMask = 2147483647;
			files = (
				F1E1CF6723880CBD00A18845 /* LaunchScreen.storyboard in Resources */,
				F1E1CF6423880CBD00A18845 /* Assets.xcassets in Resources */,
			);
			runOnlyForDeploymentPostprocessing = 0;
		};
/* End PBXResourcesBuildPhase section */

/* Begin PBXSourcesBuildPhase section */
		F1E1CF5223880CBC00A18845 /* Sources */ = {
			isa = PBXSourcesBuildPhase;
			buildActionMask = 2147483647;
			files = (
				F1F2A995238EDB7F0006D948 /* DetailEventVC.swift in Sources */,
				F1C3CFCC239814C100012D62 /* UserModel.swift in Sources */,
				F1EFDAB723898DD500C95690 /* ProfileVC.swift in Sources */,
				F1324175239975490080D81B /* KudaGoApi.swift in Sources */,
				F1E1CF6223880CBC00A18845 /* EventApp_1.xcdatamodeld in Sources */,
				F1EFDAD3238BF48F00C95690 /* ImagesDTO.swift in Sources */,
				F13B63E62395AE85002B7EE8 /* NetworkManager.swift in Sources */,
				F1EFDAC1238ACC0200C95690 /* CustomLabel.swift in Sources */,
				F1ECBDEC2388837C00BB89A9 /* UIColor.swift in Sources */,
				F13B63DA23958B01002B7EE8 /* HTTPTask.swift in Sources */,
				F13B63E82395B281002B7EE8 /* APIError.swift in Sources */,
				F1EFDAB123898C6B00C95690 /* MainTabBarController.swift in Sources */,
				F13B63DE23958E43002B7EE8 /* URLParameterEncoder.swift in Sources */,
				F13B63D823958A83002B7EE8 /* HTTPMethod.swift in Sources */,
				F1EFDABF238A7B4D00C95690 /* AllEventsCell.swift in Sources */,
				F1E1CF5C23880CBC00A18845 /* ViewController.swift in Sources */,
				F1F2A98F238EB1600006D948 /* ImageService.swift in Sources */,
				F1EFDADD238BFB2600C95690 /* ResultModel.swift in Sources */,
				F1EFDACE238BF39B00C95690 /* ResultDTO.swift in Sources */,
				F1EFDADB238BFA7C00C95690 /* DateModel.swift in Sources */,
				F1EFDABD2389F64700C95690 /* NetworkService.swift in Sources */,
				F1EFDACC238BF33A00C95690 /* EventsListDTO.swift in Sources */,
				F1C3CFCA2397C89100012D62 /* CustomTextField.swift in Sources */,
				F1F2A98D238D23270006D948 /* LoadImage.swift in Sources */,
				F1ECBDEA238823F800BB89A9 /* Page.swift in Sources */,
				F1EFDAC6238B29D400C95690 /* EventsModel1.swift in Sources */,
				F1EFDAB523898DC800C95690 /* FavoriteEventsVC.swift in Sources */,
				F1EFDAD1238BF46800C95690 /* DateDTO.swift in Sources */,
				F1C3CFC62397066E00012D62 /* SkeletonView.swift in Sources */,
				F13B63D62395891E002B7EE8 /* EndPointType.swift in Sources */,
				F1EFDAAF2389823400C95690 /* MainVC.swift in Sources */,
				F1324179239975680080D81B /* FirebaseDataBase.swift in Sources */,
				F13B63E42395AE21002B7EE8 /* EventEndPoint.swift in Sources */,
				F13B63EA2396B721002B7EE8 /* BottomLineTF.swift in Sources */,
				F1EFDAD7238BF7BB00C95690 /* PlaceModel.swift in Sources */,
				F1EFDAB923898E0E00C95690 /* SearchVC.swift in Sources */,
				F13B63E02395905F002B7EE8 /* JSONParameterEncoder.swift in Sources */,
				F1F2A997238EEF050006D948 /* ImageAlpha.swift in Sources */,
				F1F2A98A238D17FF0006D948 /* EventsModel.swift in Sources */,
				F1EFDACA238BF31400C95690 /* EventsList.swift in Sources */,
				F1E1CF7123880CF800A18845 /* WelcomeCell.swift in Sources */,
				F1ECBDF12388901F00BB89A9 /* LoginVC.swift in Sources */,
				F1ECBDF3238890C700BB89A9 /* UserDefaults.swift in Sources */,
				F1324177239975560080D81B /* FirebaseAuth.swift in Sources */,
				F1E1CF5A23880CBC00A18845 /* AppDelegate.swift in Sources */,
				F13B63DC23958D88002B7EE8 /* ParameterEncoding.swift in Sources */,
				F1EFDAB323898D4B00C95690 /* AllEventsVC.swift in Sources */,
				F1EFDAD5238BF49D00C95690 /* PlaceDTO.swift in Sources */,
				F1ECBDEE2388857D00BB89A9 /* RootViewController.swift in Sources */,
				F1E1CF6F23880CEE00A18845 /* WelcomeVC.swift in Sources */,
				F1EFDAD9238BF9D900C95690 /* ImageModel.swift in Sources */,
				F13B63E22395915E002B7EE8 /* NetworkRouter.swift in Sources */,
			);
			runOnlyForDeploymentPostprocessing = 0;
		};
/* End PBXSourcesBuildPhase section */

/* Begin PBXVariantGroup section */
		F1E1CF6523880CBD00A18845 /* LaunchScreen.storyboard */ = {
			isa = PBXVariantGroup;
			children = (
				F1E1CF6623880CBD00A18845 /* Base */,
			);
			name = LaunchScreen.storyboard;
			sourceTree = "<group>";
		};
/* End PBXVariantGroup section */

/* Begin XCBuildConfiguration section */
		F1E1CF6923880CBD00A18845 /* Debug */ = {
			isa = XCBuildConfiguration;
			buildSettings = {
				ALWAYS_SEARCH_USER_PATHS = NO;
				CLANG_ANALYZER_NONNULL = YES;
				CLANG_ANALYZER_NUMBER_OBJECT_CONVERSION = YES_AGGRESSIVE;
				CLANG_CXX_LANGUAGE_STANDARD = "gnu++14";
				CLANG_CXX_LIBRARY = "libc++";
				CLANG_ENABLE_MODULES = YES;
				CLANG_ENABLE_OBJC_ARC = YES;
				CLANG_ENABLE_OBJC_WEAK = YES;
				CLANG_WARN_BLOCK_CAPTURE_AUTORELEASING = YES;
				CLANG_WARN_BOOL_CONVERSION = YES;
				CLANG_WARN_COMMA = YES;
				CLANG_WARN_CONSTANT_CONVERSION = YES;
				CLANG_WARN_DEPRECATED_OBJC_IMPLEMENTATIONS = YES;
				CLANG_WARN_DIRECT_OBJC_ISA_USAGE = YES_ERROR;
				CLANG_WARN_DOCUMENTATION_COMMENTS = YES;
				CLANG_WARN_EMPTY_BODY = YES;
				CLANG_WARN_ENUM_CONVERSION = YES;
				CLANG_WARN_INFINITE_RECURSION = YES;
				CLANG_WARN_INT_CONVERSION = YES;
				CLANG_WARN_NON_LITERAL_NULL_CONVERSION = YES;
				CLANG_WARN_OBJC_IMPLICIT_RETAIN_SELF = YES;
				CLANG_WARN_OBJC_LITERAL_CONVERSION = YES;
				CLANG_WARN_OBJC_ROOT_CLASS = YES_ERROR;
				CLANG_WARN_RANGE_LOOP_ANALYSIS = YES;
				CLANG_WARN_STRICT_PROTOTYPES = YES;
				CLANG_WARN_SUSPICIOUS_MOVE = YES;
				CLANG_WARN_UNGUARDED_AVAILABILITY = YES_AGGRESSIVE;
				CLANG_WARN_UNREACHABLE_CODE = YES;
				CLANG_WARN__DUPLICATE_METHOD_MATCH = YES;
				CODE_SIGN_IDENTITY = "iPhone Developer";
				COPY_PHASE_STRIP = NO;
				DEBUG_INFORMATION_FORMAT = dwarf;
				ENABLE_STRICT_OBJC_MSGSEND = YES;
				ENABLE_TESTABILITY = YES;
				GCC_C_LANGUAGE_STANDARD = gnu11;
				GCC_DYNAMIC_NO_PIC = NO;
				GCC_NO_COMMON_BLOCKS = YES;
				GCC_OPTIMIZATION_LEVEL = 0;
				GCC_PREPROCESSOR_DEFINITIONS = (
					"DEBUG=1",
					"$(inherited)",
				);
				GCC_WARN_64_TO_32_BIT_CONVERSION = YES;
				GCC_WARN_ABOUT_RETURN_TYPE = YES_ERROR;
				GCC_WARN_UNDECLARED_SELECTOR = YES;
				GCC_WARN_UNINITIALIZED_AUTOS = YES_AGGRESSIVE;
				GCC_WARN_UNUSED_FUNCTION = YES;
				GCC_WARN_UNUSED_VARIABLE = YES;
				IPHONEOS_DEPLOYMENT_TARGET = 12.4;
				MTL_ENABLE_DEBUG_INFO = INCLUDE_SOURCE;
				MTL_FAST_MATH = YES;
				ONLY_ACTIVE_ARCH = YES;
				SDKROOT = iphoneos;
				SWIFT_ACTIVE_COMPILATION_CONDITIONS = DEBUG;
				SWIFT_OPTIMIZATION_LEVEL = "-Onone";
			};
			name = Debug;
		};
		F1E1CF6A23880CBD00A18845 /* Release */ = {
			isa = XCBuildConfiguration;
			buildSettings = {
				ALWAYS_SEARCH_USER_PATHS = NO;
				CLANG_ANALYZER_NONNULL = YES;
				CLANG_ANALYZER_NUMBER_OBJECT_CONVERSION = YES_AGGRESSIVE;
				CLANG_CXX_LANGUAGE_STANDARD = "gnu++14";
				CLANG_CXX_LIBRARY = "libc++";
				CLANG_ENABLE_MODULES = YES;
				CLANG_ENABLE_OBJC_ARC = YES;
				CLANG_ENABLE_OBJC_WEAK = YES;
				CLANG_WARN_BLOCK_CAPTURE_AUTORELEASING = YES;
				CLANG_WARN_BOOL_CONVERSION = YES;
				CLANG_WARN_COMMA = YES;
				CLANG_WARN_CONSTANT_CONVERSION = YES;
				CLANG_WARN_DEPRECATED_OBJC_IMPLEMENTATIONS = YES;
				CLANG_WARN_DIRECT_OBJC_ISA_USAGE = YES_ERROR;
				CLANG_WARN_DOCUMENTATION_COMMENTS = YES;
				CLANG_WARN_EMPTY_BODY = YES;
				CLANG_WARN_ENUM_CONVERSION = YES;
				CLANG_WARN_INFINITE_RECURSION = YES;
				CLANG_WARN_INT_CONVERSION = YES;
				CLANG_WARN_NON_LITERAL_NULL_CONVERSION = YES;
				CLANG_WARN_OBJC_IMPLICIT_RETAIN_SELF = YES;
				CLANG_WARN_OBJC_LITERAL_CONVERSION = YES;
				CLANG_WARN_OBJC_ROOT_CLASS = YES_ERROR;
				CLANG_WARN_RANGE_LOOP_ANALYSIS = YES;
				CLANG_WARN_STRICT_PROTOTYPES = YES;
				CLANG_WARN_SUSPICIOUS_MOVE = YES;
				CLANG_WARN_UNGUARDED_AVAILABILITY = YES_AGGRESSIVE;
				CLANG_WARN_UNREACHABLE_CODE = YES;
				CLANG_WARN__DUPLICATE_METHOD_MATCH = YES;
				CODE_SIGN_IDENTITY = "iPhone Developer";
				COPY_PHASE_STRIP = NO;
				DEBUG_INFORMATION_FORMAT = "dwarf-with-dsym";
				ENABLE_NS_ASSERTIONS = NO;
				ENABLE_STRICT_OBJC_MSGSEND = YES;
				GCC_C_LANGUAGE_STANDARD = gnu11;
				GCC_NO_COMMON_BLOCKS = YES;
				GCC_WARN_64_TO_32_BIT_CONVERSION = YES;
				GCC_WARN_ABOUT_RETURN_TYPE = YES_ERROR;
				GCC_WARN_UNDECLARED_SELECTOR = YES;
				GCC_WARN_UNINITIALIZED_AUTOS = YES_AGGRESSIVE;
				GCC_WARN_UNUSED_FUNCTION = YES;
				GCC_WARN_UNUSED_VARIABLE = YES;
				IPHONEOS_DEPLOYMENT_TARGET = 12.4;
				MTL_ENABLE_DEBUG_INFO = NO;
				MTL_FAST_MATH = YES;
				SDKROOT = iphoneos;
				SWIFT_COMPILATION_MODE = wholemodule;
				SWIFT_OPTIMIZATION_LEVEL = "-O";
				VALIDATE_PRODUCT = YES;
			};
			name = Release;
		};
		F1E1CF6C23880CBD00A18845 /* Debug */ = {
			isa = XCBuildConfiguration;
			buildSettings = {
				ASSETCATALOG_COMPILER_APPICON_NAME = AppIcon;
				CODE_SIGN_STYLE = Automatic;
				DEVELOPMENT_TEAM = 5685WBW9QW;
				INFOPLIST_FILE = "EventApp 1/Info.plist";
				LD_RUNPATH_SEARCH_PATHS = (
					"$(inherited)",
					"@executable_path/Frameworks",
				);
				PRODUCT_BUNDLE_IDENTIFIER = "VVSKR.EventApp-1";
				PRODUCT_NAME = "$(TARGET_NAME)";
				SWIFT_VERSION = 5.0;
				TARGETED_DEVICE_FAMILY = "1,2";
			};
			name = Debug;
		};
		F1E1CF6D23880CBD00A18845 /* Release */ = {
			isa = XCBuildConfiguration;
			buildSettings = {
				ASSETCATALOG_COMPILER_APPICON_NAME = AppIcon;
				CODE_SIGN_STYLE = Automatic;
				DEVELOPMENT_TEAM = 5685WBW9QW;
				INFOPLIST_FILE = "EventApp 1/Info.plist";
				LD_RUNPATH_SEARCH_PATHS = (
					"$(inherited)",
					"@executable_path/Frameworks",
				);
				PRODUCT_BUNDLE_IDENTIFIER = "VVSKR.EventApp-1";
				PRODUCT_NAME = "$(TARGET_NAME)";
				SWIFT_VERSION = 5.0;
				TARGETED_DEVICE_FAMILY = "1,2";
			};
			name = Release;
		};
/* End XCBuildConfiguration section */

/* Begin XCConfigurationList section */
		F1E1CF5123880CBC00A18845 /* Build configuration list for PBXProject "EventApp 1" */ = {
			isa = XCConfigurationList;
			buildConfigurations = (
				F1E1CF6923880CBD00A18845 /* Debug */,
				F1E1CF6A23880CBD00A18845 /* Release */,
			);
			defaultConfigurationIsVisible = 0;
			defaultConfigurationName = Release;
		};
		F1E1CF6B23880CBD00A18845 /* Build configuration list for PBXNativeTarget "EventApp 1" */ = {
			isa = XCConfigurationList;
			buildConfigurations = (
				F1E1CF6C23880CBD00A18845 /* Debug */,
				F1E1CF6D23880CBD00A18845 /* Release */,
			);
			defaultConfigurationIsVisible = 0;
			defaultConfigurationName = Release;
		};
/* End XCConfigurationList section */

/* Begin XCVersionGroup section */
		F1E1CF6023880CBC00A18845 /* EventApp_1.xcdatamodeld */ = {
			isa = XCVersionGroup;
			children = (
				F1E1CF6123880CBC00A18845 /* EventApp_1.xcdatamodel */,
			);
			currentVersion = F1E1CF6123880CBC00A18845 /* EventApp_1.xcdatamodel */;
			path = EventApp_1.xcdatamodeld;
			sourceTree = "<group>";
			versionGroupType = wrapper.xcdatamodel;
		};
/* End XCVersionGroup section */
	};
	rootObject = F1E1CF4E23880CBC00A18845 /* Project object */;
}
